
Microsoft Visual Studio Solution File, Format Version 12.00
# Visual Studio Version 16
VisualStudioVersion = 16.0.30709.132
MinimumVisualStudioVersion = 10.0.40219.1
Project("{FAE04EC0-301F-11D3-BF4B-00C04F79EFBC}") = "ValheimWindowsService", "ValheimWindowsService\ValheimWindowsService.csproj", "{ED9D94D1-3A42-4096-A1DD-4DFB15E749A6}"
EndProject
Project("{2150E333-8FDC-42A3-9474-1A3956D46DE8}") = "Solution Items", "Solution Items", "{43494DBA-ECD3-42A2-AB0D-DB7B754EBF8F}"
	ProjectSection(SolutionItems) = preProject
		valheimservice.config = valheimservice.config
	EndProjectSection
EndProject
Global
	GlobalSection(SolutionConfigurationPlatforms) = preSolution
		Debug|Any CPU = Debug|Any CPU
		Release|Any CPU = Release|Any CPU
	EndGlobalSection
	GlobalSection(ProjectConfigurationPlatforms) = postSolution
		{ED9D94D1-3A42-4096-A1DD-4DFB15E749A6}.Debug|Any CPU.ActiveCfg = Debug|Any CPU
		{ED9D94D1-3A42-4096-A1DD-4DFB15E749A6}.Debug|Any CPU.Build.0 = Debug|Any CPU
		{ED9D94D1-3A42-4096-A1DD-4DFB15E749A6}.Release|Any CPU.ActiveCfg = Release|Any CPU
		{ED9D94D1-3A42-4096-A1DD-4DFB15E749A6}.Release|Any CPU.Build.0 = Release|Any CPU
	EndGlobalSection
	GlobalSection(SolutionProperties) = preSolution
		HideSolutionNode = FALSE
	EndGlobalSection
	GlobalSection(ExtensibilityGlobals) = postSolution
		SolutionGuid = {64595CDB-B1A0-4660-8F8F-AAA408E0DD8F}
	EndGlobalSection
EndGlobal
